
Microsoft Visual Studio Solution File, Format Version 12.00
# Visual Studio Version 16
VisualStudioVersion = 16.0.30413.136
MinimumVisualStudioVersion = 10.0.40219.1
Project("{FAE04EC0-301F-11D3-BF4B-00C04F79EFBC}") = "Backend", "Backend\Backend.csproj", "{4E9A9D07-BAAE-41FE-8D76-928F5DFBE46B}"
EndProject
Global
	GlobalSection(SolutionConfigurationPlatforms) = preSolution
		Debug|Any CPU = Debug|Any CPU
		Release|Any CPU = Release|Any CPU
	EndGlobalSection
	GlobalSection(ProjectConfigurationPlatforms) = postSolution
		{4E9A9D07-BAAE-41FE-8D76-928F5DFBE46B}.Debug|Any CPU.ActiveCfg = Debug|Any CPU
		{4E9A9D07-BAAE-41FE-8D76-928F5DFBE46B}.Debug|Any CPU.Build.0 = Debug|Any CPU
		{4E9A9D07-BAAE-41FE-8D76-928F5DFBE46B}.Release|Any CPU.ActiveCfg = Release|Any CPU
		{4E9A9D07-BAAE-41FE-8D76-928F5DFBE46B}.Release|Any CPU.Build.0 = Release|Any CPU
	EndGlobalSection
	GlobalSection(SolutionProperties) = preSolution
		HideSolutionNode = FALSE
	EndGlobalSection
	GlobalSection(ExtensibilityGlobals) = postSolution
		SolutionGuid = {3C8798DE-580C-48E9-BB6F-6416042E110A}
	EndGlobalSection
EndGlobal
